
Microsoft Visual Studio Solution File, Format Version 12.00
# Visual Studio 15
VisualStudioVersion = 15.0.27130.2036
MinimumVisualStudioVersion = 10.0.40219.1
Project("{2150E333-8FDC-42A3-9474-1A3956D46DE8}") = "src", "src", "{F84321D6-5C74-4960-AC46-AED4DB263C94}"
EndProject
Project("{2150E333-8FDC-42A3-9474-1A3956D46DE8}") = "Solution Items", "Solution Items", "{4686F642-AE8F-410E-AE28-90C52CE0360D}"
	ProjectSection(SolutionItems) = preProject
		.editorconfig = .editorconfig
		.gitignore = .gitignore
		README.md = README.md
	EndProjectSection
EndProject
Project("{2150E333-8FDC-42A3-9474-1A3956D46DE8}") = "lib", "lib", "{7FAD06D2-F0DF-499D-AA25-CA012705AD37}"
EndProject
Project("{8BC9CEB8-8B4A-11D0-8D11-00A0C91BC942}") = "Sannel", "Sannel.House.Common\src\Sannel\Sannel.vcxitems", "{4C4B7312-3B0C-4973-B431-E3C4A08CE0AB}"
EndProject
Project("{8BC9CEB8-8B4A-11D0-8D11-00A0C91BC942}") = "Play", "src\Sannel.House.Devices.Play\Play.vcxproj", "{C5F80730-F44F-4478-BDAE-6634EFC2CA88}"
EndProject
Project("{8BC9CEB8-8B4A-11D0-8D11-00A0C91BC942}") = "Sannel.Arduino", "src\Sannel.Arduino\Sannel.Arduino.vcxitems", "{419CA73C-3A74-4654-B604-150C415C5688}"
EndProject
Global
	GlobalSection(SharedMSBuildProjectFiles) = preSolution
		src\Sannel.Arduino\Sannel.Arduino.vcxitems*{419ca73c-3a74-4654-b604-150c415c5688}*SharedItemsImports = 9
		Sannel.House.Common\src\Sannel\Sannel.vcxitems*{4c4b7312-3b0c-4973-b431-e3c4a08ce0ab}*SharedItemsImports = 9
		Sannel.House.Common\src\Sannel\Sannel.vcxitems*{c5f80730-f44f-4478-bdae-6634efc2ca88}*SharedItemsImports = 4
		src\Sannel.Arduino\Sannel.Arduino.vcxitems*{c5f80730-f44f-4478-bdae-6634efc2ca88}*SharedItemsImports = 4
	EndGlobalSection
	GlobalSection(SolutionConfigurationPlatforms) = preSolution
		Debug|x86 = Debug|x86
		Release|x86 = Release|x86
	EndGlobalSection
	GlobalSection(ProjectConfigurationPlatforms) = postSolution
		{C5F80730-F44F-4478-BDAE-6634EFC2CA88}.Debug|x86.ActiveCfg = Debug|Win32
		{C5F80730-F44F-4478-BDAE-6634EFC2CA88}.Debug|x86.Build.0 = Debug|Win32
		{C5F80730-F44F-4478-BDAE-6634EFC2CA88}.Release|x86.ActiveCfg = Release|Win32
		{C5F80730-F44F-4478-BDAE-6634EFC2CA88}.Release|x86.Build.0 = Release|Win32
	EndGlobalSection
	GlobalSection(SolutionProperties) = preSolution
		HideSolutionNode = FALSE
	EndGlobalSection
	GlobalSection(NestedProjects) = preSolution
		{4C4B7312-3B0C-4973-B431-E3C4A08CE0AB} = {7FAD06D2-F0DF-499D-AA25-CA012705AD37}
		{C5F80730-F44F-4478-BDAE-6634EFC2CA88} = {F84321D6-5C74-4960-AC46-AED4DB263C94}
		{419CA73C-3A74-4654-B604-150C415C5688} = {7FAD06D2-F0DF-499D-AA25-CA012705AD37}
	EndGlobalSection
	GlobalSection(ExtensibilityGlobals) = postSolution
		SolutionGuid = {39A1912D-C82B-4B54-A2C2-CB22583396DD}
	EndGlobalSection
EndGlobal
